
Microsoft Visual Studio Solution File, Format Version 12.00
# Visual Studio Version 17
VisualStudioVersion = 17.0.31903.59
MinimumVisualStudioVersion = 10.0.40219.1
Project("{FAE04EC0-301F-11D3-BF4B-00C04F79EFBC}") = "SmashScheduler", "src\SmashScheduler\SmashScheduler.csproj", "{8BC9CEB8-8B4A-11D0-8D11-00A0C91BC942}"
EndProject
Project("{FAE04EC0-301F-11D3-BF4B-00C04F79EFBC}") = "SmashScheduler.Tests", "tests\SmashScheduler.Tests\SmashScheduler.Tests.csproj", "{8BC9CEB8-8B4A-11D0-8D11-00A0C91BC943}"
EndProject
Project("{2150E333-8FDC-42A3-9474-1A3956D46DE8}") = "src", "src", "{827E0CD3-B72D-47B6-A68D-7590B98EB39B}"
EndProject
Project("{FAE04EC0-301F-11D3-BF4B-00C04F79EFBC}") = "SmashScheduler.Domain", "src\SmashScheduler.Domain\SmashScheduler.Domain.csproj", "{5EE42532-F248-44E5-8D85-FAC8A464A80A}"
EndProject
Project("{FAE04EC0-301F-11D3-BF4B-00C04F79EFBC}") = "SmashScheduler.Application", "src\SmashScheduler.Application\SmashScheduler.Application.csproj", "{B29B6A30-A9A7-4607-8296-2026B7EB7D10}"
EndProject
Project("{FAE04EC0-301F-11D3-BF4B-00C04F79EFBC}") = "SmashScheduler.Infrastructure.Web", "src\SmashScheduler.Infrastructure.Web\SmashScheduler.Infrastructure.Web.csproj", "{CA12B729-5632-4F2F-90E9-7F49304BB3AA}"
EndProject
Project("{FAE04EC0-301F-11D3-BF4B-00C04F79EFBC}") = "SmashScheduler.Web", "src\SmashScheduler.Web\SmashScheduler.Web.csproj", "{A39B0432-AB04-482E-B506-2CB0CA8C9042}"
EndProject
Project("{FAE04EC0-301F-11D3-BF4B-00C04F79EFBC}") = "SmashScheduler.Shared", "src\SmashScheduler.Shared\SmashScheduler.Shared.csproj", "{BC00CB16-FD53-4BA1-A68F-A5F13C049678}"
EndProject
Project("{2150E333-8FDC-42A3-9474-1A3956D46DE8}") = "tests", "tests", "{0AB3BF05-4346-4AA6-1389-037BE0695223}"
EndProject
Project("{FAE04EC0-301F-11D3-BF4B-00C04F79EFBC}") = "SmashScheduler.Web.Tests", "tests\SmashScheduler.Web.Tests\SmashScheduler.Web.Tests.csproj", "{F5E43280-8BD6-46ED-ADE0-B1A42DEA995F}"
EndProject
Global
	GlobalSection(SolutionConfigurationPlatforms) = preSolution
		Debug|Any CPU = Debug|Any CPU
		Debug|x64 = Debug|x64
		Debug|x86 = Debug|x86
		Release|Any CPU = Release|Any CPU
		Release|x64 = Release|x64
		Release|x86 = Release|x86
	EndGlobalSection
	GlobalSection(ProjectConfigurationPlatforms) = postSolution
		{8BC9CEB8-8B4A-11D0-8D11-00A0C91BC942}.Debug|Any CPU.ActiveCfg = Debug|Any CPU
		{8BC9CEB8-8B4A-11D0-8D11-00A0C91BC942}.Debug|Any CPU.Build.0 = Debug|Any CPU
		{8BC9CEB8-8B4A-11D0-8D11-00A0C91BC942}.Debug|x64.ActiveCfg = Debug|Any CPU
		{8BC9CEB8-8B4A-11D0-8D11-00A0C91BC942}.Debug|x64.Build.0 = Debug|Any CPU
		{8BC9CEB8-8B4A-11D0-8D11-00A0C91BC942}.Debug|x86.ActiveCfg = Debug|Any CPU
		{8BC9CEB8-8B4A-11D0-8D11-00A0C91BC942}.Debug|x86.Build.0 = Debug|Any CPU
		{8BC9CEB8-8B4A-11D0-8D11-00A0C91BC942}.Release|Any CPU.ActiveCfg = Release|Any CPU
		{8BC9CEB8-8B4A-11D0-8D11-00A0C91BC942}.Release|Any CPU.Build.0 = Release|Any CPU
		{8BC9CEB8-8B4A-11D0-8D11-00A0C91BC942}.Release|x64.ActiveCfg = Release|Any CPU
		{8BC9CEB8-8B4A-11D0-8D11-00A0C91BC942}.Release|x64.Build.0 = Release|Any CPU
		{8BC9CEB8-8B4A-11D0-8D11-00A0C91BC942}.Release|x86.ActiveCfg = Release|Any CPU
		{8BC9CEB8-8B4A-11D0-8D11-00A0C91BC942}.Release|x86.Build.0 = Release|Any CPU
		{8BC9CEB8-8B4A-11D0-8D11-00A0C91BC943}.Debug|Any CPU.ActiveCfg = Debug|Any CPU
		{8BC9CEB8-8B4A-11D0-8D11-00A0C91BC943}.Debug|Any CPU.Build.0 = Debug|Any CPU
		{8BC9CEB8-8B4A-11D0-8D11-00A0C91BC943}.Debug|x64.ActiveCfg = Debug|Any CPU
		{8BC9CEB8-8B4A-11D0-8D11-00A0C91BC943}.Debug|x64.Build.0 = Debug|Any CPU
		{8BC9CEB8-8B4A-11D0-8D11-00A0C91BC943}.Debug|x86.ActiveCfg = Debug|Any CPU
		{8BC9CEB8-8B4A-11D0-8D11-00A0C91BC943}.Debug|x86.Build.0 = Debug|Any CPU
		{8BC9CEB8-8B4A-11D0-8D11-00A0C91BC943}.Release|Any CPU.ActiveCfg = Release|Any CPU
		{8BC9CEB8-8B4A-11D0-8D11-00A0C91BC943}.Release|Any CPU.Build.0 = Release|Any CPU
		{8BC9CEB8-8B4A-11D0-8D11-00A0C91BC943}.Release|x64.ActiveCfg = Release|Any CPU
		{8BC9CEB8-8B4A-11D0-8D11-00A0C91BC943}.Release|x64.Build.0 = Release|Any CPU
		{8BC9CEB8-8B4A-11D0-8D11-00A0C91BC943}.Release|x86.ActiveCfg = Release|Any CPU
		{8BC9CEB8-8B4A-11D0-8D11-00A0C91BC943}.Release|x86.Build.0 = Release|Any CPU
		{5EE42532-F248-44E5-8D85-FAC8A464A80A}.Debug|Any CPU.ActiveCfg = Debug|Any CPU
		{5EE42532-F248-44E5-8D85-FAC8A464A80A}.Debug|Any CPU.Build.0 = Debug|Any CPU
		{5EE42532-F248-44E5-8D85-FAC8A464A80A}.Debug|x64.ActiveCfg = Debug|Any CPU
		{5EE42532-F248-44E5-8D85-FAC8A464A80A}.Debug|x64.Build.0 = Debug|Any CPU
		{5EE42532-F248-44E5-8D85-FAC8A464A80A}.Debug|x86.ActiveCfg = Debug|Any CPU
		{5EE42532-F248-44E5-8D85-FAC8A464A80A}.Debug|x86.Build.0 = Debug|Any CPU
		{5EE42532-F248-44E5-8D85-FAC8A464A80A}.Release|Any CPU.ActiveCfg = Release|Any CPU
		{5EE42532-F248-44E5-8D85-FAC8A464A80A}.Release|Any CPU.Build.0 = Release|Any CPU
		{5EE42532-F248-44E5-8D85-FAC8A464A80A}.Release|x64.ActiveCfg = Release|Any CPU
		{5EE42532-F248-44E5-8D85-FAC8A464A80A}.Release|x64.Build.0 = Release|Any CPU
		{5EE42532-F248-44E5-8D85-FAC8A464A80A}.Release|x86.ActiveCfg = Release|Any CPU
		{5EE42532-F248-44E5-8D85-FAC8A464A80A}.Release|x86.Build.0 = Release|Any CPU
		{B29B6A30-A9A7-4607-8296-2026B7EB7D10}.Debug|Any CPU.ActiveCfg = Debug|Any CPU
		{B29B6A30-A9A7-4607-8296-2026B7EB7D10}.Debug|Any CPU.Build.0 = Debug|Any CPU
		{B29B6A30-A9A7-4607-8296-2026B7EB7D10}.Debug|x64.ActiveCfg = Debug|Any CPU
		{B29B6A30-A9A7-4607-8296-2026B7EB7D10}.Debug|x64.Build.0 = Debug|Any CPU
		{B29B6A30-A9A7-4607-8296-2026B7EB7D10}.Debug|x86.ActiveCfg = Debug|Any CPU
		{B29B6A30-A9A7-4607-8296-2026B7EB7D10}.Debug|x86.Build.0 = Debug|Any CPU
		{B29B6A30-A9A7-4607-8296-2026B7EB7D10}.Release|Any CPU.ActiveCfg = Release|Any CPU
		{B29B6A30-A9A7-4607-8296-2026B7EB7D10}.Release|Any CPU.Build.0 = Release|Any CPU
		{B29B6A30-A9A7-4607-8296-2026B7EB7D10}.Release|x64.ActiveCfg = Release|Any CPU
		{B29B6A30-A9A7-4607-8296-2026B7EB7D10}.Release|x64.Build.0 = Release|Any CPU
		{B29B6A30-A9A7-4607-8296-2026B7EB7D10}.Release|x86.ActiveCfg = Release|Any CPU
		{B29B6A30-A9A7-4607-8296-2026B7EB7D10}.Release|x86.Build.0 = Release|Any CPU
		{CA12B729-5632-4F2F-90E9-7F49304BB3AA}.Debug|Any CPU.ActiveCfg = Debug|Any CPU
		{CA12B729-5632-4F2F-90E9-7F49304BB3AA}.Debug|Any CPU.Build.0 = Debug|Any CPU
		{CA12B729-5632-4F2F-90E9-7F49304BB3AA}.Debug|x64.ActiveCfg = Debug|Any CPU
		{CA12B729-5632-4F2F-90E9-7F49304BB3AA}.Debug|x64.Build.0 = Debug|Any CPU
		{CA12B729-5632-4F2F-90E9-7F49304BB3AA}.Debug|x86.ActiveCfg = Debug|Any CPU
		{CA12B729-5632-4F2F-90E9-7F49304BB3AA}.Debug|x86.Build.0 = Debug|Any CPU
		{CA12B729-5632-4F2F-90E9-7F49304BB3AA}.Release|Any CPU.ActiveCfg = Release|Any CPU
		{CA12B729-5632-4F2F-90E9-7F49304BB3AA}.Release|Any CPU.Build.0 = Release|Any CPU
		{CA12B729-5632-4F2F-90E9-7F49304BB3AA}.Release|x64.ActiveCfg = Release|Any CPU
		{CA12B729-5632-4F2F-90E9-7F49304BB3AA}.Release|x64.Build.0 = Release|Any CPU
		{CA12B729-5632-4F2F-90E9-7F49304BB3AA}.Release|x86.ActiveCfg = Release|Any CPU
		{CA12B729-5632-4F2F-90E9-7F49304BB3AA}.Release|x86.Build.0 = Release|Any CPU
		{A39B0432-AB04-482E-B506-2CB0CA8C9042}.Debug|Any CPU.ActiveCfg = Debug|Any CPU
		{A39B0432-AB04-482E-B506-2CB0CA8C9042}.Debug|Any CPU.Build.0 = Debug|Any CPU
		{A39B0432-AB04-482E-B506-2CB0CA8C9042}.Debug|x64.ActiveCfg = Debug|Any CPU
		{A39B0432-AB04-482E-B506-2CB0CA8C9042}.Debug|x64.Build.0 = Debug|Any CPU
		{A39B0432-AB04-482E-B506-2CB0CA8C9042}.Debug|x86.ActiveCfg = Debug|Any CPU
		{A39B0432-AB04-482E-B506-2CB0CA8C9042}.Debug|x86.Build.0 = Debug|Any CPU
		{A39B0432-AB04-482E-B506-2CB0CA8C9042}.Release|Any CPU.ActiveCfg = Release|Any CPU
		{A39B0432-AB04-482E-B506-2CB0CA8C9042}.Release|Any CPU.Build.0 = Release|Any CPU
		{A39B0432-AB04-482E-B506-2CB0CA8C9042}.Release|x64.ActiveCfg = Release|Any CPU
		{A39B0432-AB04-482E-B506-2CB0CA8C9042}.Release|x64.Build.0 = Release|Any CPU
		{A39B0432-AB04-482E-B506-2CB0CA8C9042}.Release|x86.ActiveCfg = Release|Any CPU
		{A39B0432-AB04-482E-B506-2CB0CA8C9042}.Release|x86.Build.0 = Release|Any CPU
		{BC00CB16-FD53-4BA1-A68F-A5F13C049678}.Debug|Any CPU.ActiveCfg = Debug|Any CPU
		{BC00CB16-FD53-4BA1-A68F-A5F13C049678}.Debug|Any CPU.Build.0 = Debug|Any CPU
		{BC00CB16-FD53-4BA1-A68F-A5F13C049678}.Debug|x64.ActiveCfg = Debug|Any CPU
		{BC00CB16-FD53-4BA1-A68F-A5F13C049678}.Debug|x64.Build.0 = Debug|Any CPU
		{BC00CB16-FD53-4BA1-A68F-A5F13C049678}.Debug|x86.ActiveCfg = Debug|Any CPU
		{BC00CB16-FD53-4BA1-A68F-A5F13C049678}.Debug|x86.Build.0 = Debug|Any CPU
		{BC00CB16-FD53-4BA1-A68F-A5F13C049678}.Release|Any CPU.ActiveCfg = Release|Any CPU
		{BC00CB16-FD53-4BA1-A68F-A5F13C049678}.Release|Any CPU.Build.0 = Release|Any CPU
		{BC00CB16-FD53-4BA1-A68F-A5F13C049678}.Release|x64.ActiveCfg = Release|Any CPU
		{BC00CB16-FD53-4BA1-A68F-A5F13C049678}.Release|x64.Build.0 = Release|Any CPU
		{BC00CB16-FD53-4BA1-A68F-A5F13C049678}.Release|x86.ActiveCfg = Release|Any CPU
		{BC00CB16-FD53-4BA1-A68F-A5F13C049678}.Release|x86.Build.0 = Release|Any CPU
		{F5E43280-8BD6-46ED-ADE0-B1A42DEA995F}.Debug|Any CPU.ActiveCfg = Debug|Any CPU
		{F5E43280-8BD6-46ED-ADE0-B1A42DEA995F}.Debug|Any CPU.Build.0 = Debug|Any CPU
		{F5E43280-8BD6-46ED-ADE0-B1A42DEA995F}.Debug|x64.ActiveCfg = Debug|Any CPU
		{F5E43280-8BD6-46ED-ADE0-B1A42DEA995F}.Debug|x64.Build.0 = Debug|Any CPU
		{F5E43280-8BD6-46ED-ADE0-B1A42DEA995F}.Debug|x86.ActiveCfg = Debug|Any CPU
		{F5E43280-8BD6-46ED-ADE0-B1A42DEA995F}.Debug|x86.Build.0 = Debug|Any CPU
		{F5E43280-8BD6-46ED-ADE0-B1A42DEA995F}.Release|Any CPU.ActiveCfg = Release|Any CPU
		{F5E43280-8BD6-46ED-ADE0-B1A42DEA995F}.Release|Any CPU.Build.0 = Release|Any CPU
		{F5E43280-8BD6-46ED-ADE0-B1A42DEA995F}.Release|x64.ActiveCfg = Release|Any CPU
		{F5E43280-8BD6-46ED-ADE0-B1A42DEA995F}.Release|x64.Build.0 = Release|Any CPU
		{F5E43280-8BD6-46ED-ADE0-B1A42DEA995F}.Release|x86.ActiveCfg = Release|Any CPU
		{F5E43280-8BD6-46ED-ADE0-B1A42DEA995F}.Release|x86.Build.0 = Release|Any CPU
	EndGlobalSection
	GlobalSection(SolutionProperties) = preSolution
		HideSolutionNode = FALSE
	EndGlobalSection
	GlobalSection(NestedProjects) = preSolution
		{5EE42532-F248-44E5-8D85-FAC8A464A80A} = {827E0CD3-B72D-47B6-A68D-7590B98EB39B}
		{B29B6A30-A9A7-4607-8296-2026B7EB7D10} = {827E0CD3-B72D-47B6-A68D-7590B98EB39B}
		{CA12B729-5632-4F2F-90E9-7F49304BB3AA} = {827E0CD3-B72D-47B6-A68D-7590B98EB39B}
		{A39B0432-AB04-482E-B506-2CB0CA8C9042} = {827E0CD3-B72D-47B6-A68D-7590B98EB39B}
		{BC00CB16-FD53-4BA1-A68F-A5F13C049678} = {827E0CD3-B72D-47B6-A68D-7590B98EB39B}
		{F5E43280-8BD6-46ED-ADE0-B1A42DEA995F} = {0AB3BF05-4346-4AA6-1389-037BE0695223}
	EndGlobalSection
EndGlobal
